
Microsoft Visual Studio Solution File, Format Version 12.00
# Visual Studio Version 17
VisualStudioVersion = 17.14.36811.4
MinimumVisualStudioVersion = 10.0.40219.1
Project("{FAE04EC0-301F-11D3-BF4B-00C04F79EFBC}") = "GOGE", "GOGE\GOGE.csproj", "{163E24CC-DD75-4FFE-817B-E202A22B4BF2}"
EndProject
Global
	GlobalSection(SolutionConfigurationPlatforms) = preSolution
		Debug|Any CPU = Debug|Any CPU
		Release|Any CPU = Release|Any CPU
	EndGlobalSection
	GlobalSection(ProjectConfigurationPlatforms) = postSolution
		{163E24CC-DD75-4FFE-817B-E202A22B4BF2}.Debug|Any CPU.ActiveCfg = Debug|Any CPU
		{163E24CC-DD75-4FFE-817B-E202A22B4BF2}.Debug|Any CPU.Build.0 = Debug|Any CPU
		{163E24CC-DD75-4FFE-817B-E202A22B4BF2}.Release|Any CPU.ActiveCfg = Release|Any CPU
		{163E24CC-DD75-4FFE-817B-E202A22B4BF2}.Release|Any CPU.Build.0 = Release|Any CPU
	EndGlobalSection
	GlobalSection(SolutionProperties) = preSolution
		HideSolutionNode = FALSE
	EndGlobalSection
	GlobalSection(ExtensibilityGlobals) = postSolution
		SolutionGuid = {A10E9A8A-36BB-4B38-8A27-C9FF14E81E8E}
	EndGlobalSection
EndGlobal
